
Microsoft Visual Studio Solution File, Format Version 12.00
# Visual Studio Version 16
VisualStudioVersion = 16.0.32106.194
MinimumVisualStudioVersion = 10.0.40219.1
Project("{9A19103F-16F7-4668-BE54-9A1E7A4F7556}") = "RecipeApp.Client", "RecipeApp.Client\RecipeApp.Client.csproj", "{5BA5C159-FE67-4438-957B-9C212B793A46}"
EndProject
Project("{FAE04EC0-301F-11D3-BF4B-00C04F79EFBC}") = "RecipeApp.Core", "RecipeApp.Core\RecipeApp.Core.csproj", "{17386F63-7E88-47C4-82F1-2DF253553048}"
EndProject
Global
	GlobalSection(SolutionConfigurationPlatforms) = preSolution
		Debug|Any CPU = Debug|Any CPU
		Release|Any CPU = Release|Any CPU
	EndGlobalSection
	GlobalSection(ProjectConfigurationPlatforms) = postSolution
		{5BA5C159-FE67-4438-957B-9C212B793A46}.Debug|Any CPU.ActiveCfg = Debug|Any CPU
		{5BA5C159-FE67-4438-957B-9C212B793A46}.Debug|Any CPU.Build.0 = Debug|Any CPU
		{5BA5C159-FE67-4438-957B-9C212B793A46}.Release|Any CPU.ActiveCfg = Release|Any CPU
		{5BA5C159-FE67-4438-957B-9C212B793A46}.Release|Any CPU.Build.0 = Release|Any CPU
		{17386F63-7E88-47C4-82F1-2DF253553048}.Debug|Any CPU.ActiveCfg = Debug|Any CPU
		{17386F63-7E88-47C4-82F1-2DF253553048}.Debug|Any CPU.Build.0 = Debug|Any CPU
		{17386F63-7E88-47C4-82F1-2DF253553048}.Release|Any CPU.ActiveCfg = Release|Any CPU
		{17386F63-7E88-47C4-82F1-2DF253553048}.Release|Any CPU.Build.0 = Release|Any CPU
	EndGlobalSection
	GlobalSection(SolutionProperties) = preSolution
		HideSolutionNode = FALSE
	EndGlobalSection
	GlobalSection(ExtensibilityGlobals) = postSolution
		SolutionGuid = {2D9924AF-85C4-4545-98C7-92B0FACA214C}
	EndGlobalSection
EndGlobal
